# THIS IS AN AUTOGENERATED FILE. DO NOT EDIT THIS FILE DIRECTLY.
# yarn lockfile v1


"@types/eventsource@^1.1.2":
  version "1.1.10"
  resolved "https://registry.yarnpkg.com/@types/eventsource/-/eventsource-1.1.10.tgz#e085be22c913e893f83f5ace21e9c10f87cbf6d2"
  integrity sha512-rYzRmJSnm44Xb7FICRXEjwe/26ZiiS+VMGmuD17PevMP56cGgLEsaM955sYQW0S+K7h+mPOL70vGf1hi4WDjVA==

"@types/node@*", "@types/node@>= 8":
  version "18.11.15"
  resolved "https://registry.yarnpkg.com/@types/node/-/node-18.11.15.tgz#de0e1fbd2b22b962d45971431e2ae696643d3f5d"
  integrity sha512-VkhBbVo2+2oozlkdHXLrb3zjsRkpdnaU2bXmX8Wgle3PUi569eLRaHGlgETQHR7lLL1w7GiG3h9SnePhxNDecw==

"@types/randombytes@^2.0.0":
  version "2.0.0"
  resolved "https://registry.yarnpkg.com/@types/randombytes/-/randombytes-2.0.0.tgz#0087ff5e60ae68023b9bc4398b406fea7ad18304"
  integrity sha512-bz8PhAVlwN72vqefzxa14DKNT8jK/mV66CSjwdVQM/k3Th3EPKfUtdMniwZgMedQTFuywAsfjnZsg+pEnltaMA==
  dependencies:
    "@types/node" "*"

"@types/urijs@^1.19.6":
  version "1.19.19"
  resolved "https://registry.yarnpkg.com/@types/urijs/-/urijs-1.19.19.tgz#2789369799907fc11e2bc6e3a00f6478c2281b95"
  integrity sha512-FDJNkyhmKLw7uEvTxx5tSXfPeQpO0iy73Ry+PmYZJvQy0QIWX8a7kJ4kLWRf+EbTPJEPDSgPXHaM7pzr5lmvCg==

axios@0.25.0:
  version "0.25.0"
  resolved "https://registry.yarnpkg.com/axios/-/axios-0.25.0.tgz#349cfbb31331a9b4453190791760a8d35b093e0a"
  integrity sha512-cD8FOb0tRH3uuEe6+evtAbgJtfxr7ly3fQjYcMcuPlgkwVS9xboaVIpcDV+cYQe+yGykgwZCs1pzjntcGa6l5g==
  dependencies:
    follow-redirects "^1.14.7"

base32.js@^0.1.0:
  version "0.1.0"
  resolved "https://registry.yarnpkg.com/base32.js/-/base32.js-0.1.0.tgz#b582dec693c2f11e893cf064ee6ac5b6131a2202"
  integrity sha512-n3TkB02ixgBOhTvANakDb4xaMXnYUVkNoRFJjQflcqMQhyEKxEHdj3E6N8t8sUQ0mjH/3/JxzlXuz3ul/J90pQ==

base64-js@^1.3.1:
  version "1.5.1"
  resolved "https://registry.yarnpkg.com/base64-js/-/base64-js-1.5.1.tgz#1b1b440160a5bf7ad40b650f095963481903930a"
  integrity sha512-AKpaYlHn8t4SVbOHCy+b5+KKgvR4vrsD8vbvrbiQJps7fKDTkjkDry6ji0rUJjC0kzbNePLwzxq8iypo41qeWA==

bignumber.js@^4.0.0:
  version "4.1.0"
  resolved "https://registry.yarnpkg.com/bignumber.js/-/bignumber.js-4.1.0.tgz#db6f14067c140bd46624815a7916c92d9b6c24b1"
  integrity sha512-eJzYkFYy9L4JzXsbymsFn3p54D+llV27oTQ+ziJG7WFRheJcNZilgVXMG0LoZtlQSKBsJdWtLFqOD0u+U0jZKA==

bignumber.js@^9.1.1:
  version "9.1.1"
  resolved "https://registry.yarnpkg.com/bignumber.js/-/bignumber.js-9.1.1.tgz#c4df7dc496bd849d4c9464344c1aa74228b4dac6"
  integrity sha512-pHm4LsMJ6lzgNGVfZHjMoO8sdoRhOzOH4MLmY65Jg70bpxCKu5iOHNJyfF6OyvYw7t8Fpf35RuzUyqnQsj8Vig==

buffer@^5.1.0:
  version "5.7.1"
  resolved "https://registry.yarnpkg.com/buffer/-/buffer-5.7.1.tgz#ba62e7c13133053582197160851a8f648e99eed0"
  integrity sha512-EHcyIPBQ4BSGlvjB16k5KgAJ27CIsHY/2JBmCRReo48y9rQ3MaUzWX3KVlBa4U7MyX02HdVj0K7C3WaB3ju7FQ==
  dependencies:
    base64-js "^1.3.1"
    ieee754 "^1.1.13"

crc@^3.5.0:
  version "3.8.0"
  resolved "https://registry.yarnpkg.com/crc/-/crc-3.8.0.tgz#ad60269c2c856f8c299e2c4cc0de4556914056c6"
  integrity sha512-iX3mfgcTMIq3ZKLIsVFAbv7+Mc10kxabAGQb8HvjA1o3T1PIYprbakQ65d3I+2HGHt6nSKkM9PYjgoJO2KcFBQ==
  dependencies:
    buffer "^5.1.0"

es6-promise@^4.2.4:
  version "4.2.8"
  resolved "https://registry.yarnpkg.com/es6-promise/-/es6-promise-4.2.8.tgz#4eb21594c972bc40553d276e510539143db53e0a"
  integrity sha512-HJDGx5daxeIvxdBxvG2cb9g4tEvwIk3i8+nhX0yGrYmZUzbkdg8QbDevheDB8gd0//uPj4c1EQua8Q+MViT0/w==

follow-redirects@^1.14.7:
  version "1.15.2"
  resolved "https://registry.yarnpkg.com/follow-redirects/-/follow-redirects-1.15.2.tgz#b460864144ba63f2681096f274c4e57026da2c13"
  integrity sha512-VQLG33o04KaQ8uYi2tVNbdrWp1QWxNNea+nmIB4EVM28v0hmP17z7aG1+wAkNzVq4KeXTq3221ye5qTJP91JwA==

ieee754@^1.1.13:
  version "1.2.1"
  resolved "https://registry.yarnpkg.com/ieee754/-/ieee754-1.2.1.tgz#8eb7a10a63fff25d15a57b001586d177d1b0d352"
  integrity sha512-dcyqhDvX1C46lXZcVqCpK+FtMRQVdIMN6/Df5js2zouUsqG7I6sFxitIC+7KYK29KdXOLHdu9zL4sFnoVQnqaA==

inherits@^2.0.1:
  version "2.0.4"
  resolved "https://registry.yarnpkg.com/inherits/-/inherits-2.0.4.tgz#0fa2c64f932917c3433a0ded55363aae37416b7c"
  integrity sha512-k/vGaX4/Yla3WzyMCvTQOXYeIHvqOKtnqBduzTHpzpQZzAskKMhZ2K+EnBiSM9zGSoIFeMpXKxa4dYeZIQqewQ==

js-xdr@^1.1.3:
  version "1.3.0"
  resolved "https://registry.yarnpkg.com/js-xdr/-/js-xdr-1.3.0.tgz#e72e77c00bbdae62689062b95fe35ae2bd90df32"
  integrity sha512-fjLTm2uBtFvWsE3l2J14VjTuuB8vJfeTtYuNS7LiLHDWIX2kt0l1pqq9334F8kODUkKPMuULjEcbGbkFFwhx5g==
  dependencies:
    lodash "^4.17.5"
    long "^2.2.3"

lodash@4.17.21, lodash@^4.17.21, lodash@^4.17.5:
  version "4.17.21"
  resolved "https://registry.yarnpkg.com/lodash/-/lodash-4.17.21.tgz#679591c564c3bffaae8454cf0b3df370c3d6911c"
  integrity sha512-v2kDEe57lecTulaDIuNTPy3Ry4gLGJ6Z1O3vE1krgXZNrsQ+LFTGHVxVjcXPs17LhbZVGedAJv8XZ1tvj5FvSg==

long@^2.2.3:
  version "2.4.0"
  resolved "https://registry.yarnpkg.com/long/-/long-2.4.0.tgz#9fa180bb1d9500cdc29c4156766a1995e1f4524f"
  integrity sha512-ijUtjmO/n2A5PaosNG9ZGDsQ3vxJg7ZW8vsY8Kp0f2yIZWhSJvjmegV7t+9RPQKxKrvj8yKGehhS+po14hPLGQ==

node-gyp-build@^4.3.0:
  version "4.5.0"
  resolved "https://registry.yarnpkg.com/node-gyp-build/-/node-gyp-build-4.5.0.tgz#7a64eefa0b21112f89f58379da128ac177f20e40"
  integrity sha512-2iGbaQBV+ITgCz76ZEjmhUKAKVf7xfY1sRl4UiKQspfZMH2h06SyhNsnSVy50cwkFQDGLyif6m/6uFXHkOZ6rg==

safe-buffer@^5.0.1:
  version "5.2.1"
  resolved "https://registry.yarnpkg.com/safe-buffer/-/safe-buffer-5.2.1.tgz#1eaf9fa9bdb1fdd4ec75f58f9cdb4e6b7827eec6"
  integrity sha512-rp3So07KcdmmKbGvgaNxQSJr7bGVSVk5S9Eq1F+ppbRo70+YeaDxkw5Dd8NPN+GD6bjnYm2VuPuCXmpuYvmCXQ==

sha.js@^2.3.6:
  version "2.4.11"
  resolved "https://registry.yarnpkg.com/sha.js/-/sha.js-2.4.11.tgz#37a5cf0b81ecbc6943de109ba2960d1b26584ae7"
  integrity sha512-QMEp5B7cftE7APOjk5Y6xgrbWu+WkLVQwk8JNjZ8nKRciZaByEW6MubieAiToS7+dwvrjGhH8jRXz3MVd0AYqQ==
  dependencies:
    inherits "^2.0.1"
    safe-buffer "^5.0.1"

sodium-native@^3.3.0:
  version "3.4.1"
  resolved "https://registry.yarnpkg.com/sodium-native/-/sodium-native-3.4.1.tgz#44616c07ccecea15195f553af88b3e574b659741"
  integrity sha512-PaNN/roiFWzVVTL6OqjzYct38NSXewdl2wz8SRB51Br/MLIJPrbM3XexhVWkq7D3UWMysfrhKVf1v1phZq6MeQ==
  dependencies:
    node-gyp-build "^4.3.0"

soroban-client@^0.3.0:
  version "0.3.0"
  resolved "https://registry.yarnpkg.com/soroban-client/-/soroban-client-0.3.0.tgz#e0d61ee700f67f89dad6988288d4980f6f2d4137"
  integrity sha512-BxwQpW/ZpPaIyZ7mq2dBIRPHzOsp6M9/Co64BPbwW6Kt30NUormIiIKzGFCCWInjk4/9C80jFYeoo5WE7zHHwA==
  dependencies:
    "@types/eventsource" "^1.1.2"
    "@types/node" ">= 8"
    "@types/randombytes" "^2.0.0"
    "@types/urijs" "^1.19.6"
    axios "0.25.0"
    es6-promise "^4.2.4"
    lodash "4.17.21"
    stellar-base "8.0.1-soroban.6"
    urijs "^1.19.1"

stellar-base@8.0.1-soroban.6:
  version "8.0.1-soroban.6"
  resolved "https://registry.yarnpkg.com/stellar-base/-/stellar-base-8.0.1-soroban.6.tgz#cf5c07224c2fda7df12f659cc2ae5890dbe1590d"
  integrity sha512-LQhre31jzZBNXTaiUfkLlEcC2g2TQOrKJEsY1rbsUv9urlvUsTTIGRmvaw2TH8406FOJZolBtizN/VnZqLqnvg==
  dependencies:
    base32.js "^0.1.0"
    bignumber.js "^4.0.0"
    crc "^3.5.0"
    js-xdr "^1.1.3"
    lodash "^4.17.21"
    sha.js "^2.3.6"
    tweetnacl "^1.0.3"
  optionalDependencies:
    sodium-native "^3.3.0"

tweetnacl@^1.0.3:
  version "1.0.3"
  resolved "https://registry.yarnpkg.com/tweetnacl/-/tweetnacl-1.0.3.tgz#ac0af71680458d8a6378d0d0d050ab1407d35596"
  integrity sha512-6rt+RN7aOi1nGMyC4Xa5DdYiukl2UWCbcJft7YhxReBGQD7OAM8Pbxw6YMo4r2diNEA8FEmu32YOn9rhaiE5yw==

urijs@^1.19.1:
  version "1.19.11"
  resolved "https://registry.yarnpkg.com/urijs/-/urijs-1.19.11.tgz#204b0d6b605ae80bea54bea39280cdb7c9f923cc"
  integrity sha512-HXgFDgDommxn5/bIv0cnQZsPhHDA90NPHD6+c/v21U5+Sx5hoP8+dP9IZXBU1gIfvdRfhG8cel9QNPeionfcCQ==
