{
  "name": "@soroban-react/freighter",
  "version": "5.0.3",
  "lockfileVersion": 2,
  "requires": true,
  "packages": {
    "": {
      "name": "@soroban-react/freighter",
      "version": "5.0.3",
      "license": "Apache-2.0",
      "dependencies": {
        "@soroban-react/types": "^5.0.3",
        "@stellar/freighter-api": "^1.4.0"
      }
    },
    "node_modules/@soroban-react/types": {
      "version": "5.0.3",
      "resolved": "https://registry.npmjs.org/@soroban-react/types/-/types-5.0.3.tgz",
      "integrity": "sha512-bzouh+upQOJ19qjtfGb2K9GN1r0n/dxtgsyK8Rml6hC19HZFHIjcmgpdwvvvSLXuU+9XPlBsTWJm/YhYxDiWew=="
    },
    "node_modules/@stellar/freighter-api": {
      "version": "1.5.1",
      "resolved": "https://registry.npmjs.org/@stellar/freighter-api/-/freighter-api-1.5.1.tgz",
      "integrity": "sha512-WEnKEqd+xVLnOq6bJv+fLXod8JQyPjzpOKTpH4g7tG9MM1fmXzD3y2SXJlpCIw8kVqtiC4ynWOlSWX+TKO7KiQ=="
    }
  },
  "dependencies": {
    "@soroban-react/types": {
      "version": "5.0.3",
      "resolved": "https://registry.npmjs.org/@soroban-react/types/-/types-5.0.3.tgz",
      "integrity": "sha512-bzouh+upQOJ19qjtfGb2K9GN1r0n/dxtgsyK8Rml6hC19HZFHIjcmgpdwvvvSLXuU+9XPlBsTWJm/YhYxDiWew=="
    },
    "@stellar/freighter-api": {
      "version": "1.5.1",
      "resolved": "https://registry.npmjs.org/@stellar/freighter-api/-/freighter-api-1.5.1.tgz",
      "integrity": "sha512-WEnKEqd+xVLnOq6bJv+fLXod8JQyPjzpOKTpH4g7tG9MM1fmXzD3y2SXJlpCIw8kVqtiC4ynWOlSWX+TKO7KiQ=="
    }
  }
}
